
Microsoft Visual Studio Solution File, Format Version 12.00
# Visual Studio Version 17
VisualStudioVersion = 17.13.35818.85 d17.13
MinimumVisualStudioVersion = 10.0.40219.1
Project("{FAE04EC0-301F-11D3-BF4B-00C04F79EFBC}") = "ArchiveDomain", "ArchiveDomain\ArchiveDomain.csproj", "{81ECEC78-E73F-4A80-8D89-0CB92F1A3B7F}"
EndProject
Project("{FAE04EC0-301F-11D3-BF4B-00C04F79EFBC}") = "ArchiveInfrastructure", "ArchiveInfrastructure\ArchiveInfrastructure.csproj", "{0ED675BD-1ECE-4945-A78E-B549B9D1E630}"
EndProject
Global
	GlobalSection(SolutionConfigurationPlatforms) = preSolution
		Debug|Any CPU = Debug|Any CPU
		Release|Any CPU = Release|Any CPU
	EndGlobalSection
	GlobalSection(ProjectConfigurationPlatforms) = postSolution
		{81ECEC78-E73F-4A80-8D89-0CB92F1A3B7F}.Debug|Any CPU.ActiveCfg = Debug|Any CPU
		{81ECEC78-E73F-4A80-8D89-0CB92F1A3B7F}.Debug|Any CPU.Build.0 = Debug|Any CPU
		{81ECEC78-E73F-4A80-8D89-0CB92F1A3B7F}.Release|Any CPU.ActiveCfg = Release|Any CPU
		{81ECEC78-E73F-4A80-8D89-0CB92F1A3B7F}.Release|Any CPU.Build.0 = Release|Any CPU
		{0ED675BD-1ECE-4945-A78E-B549B9D1E630}.Debug|Any CPU.ActiveCfg = Debug|Any CPU
		{0ED675BD-1ECE-4945-A78E-B549B9D1E630}.Debug|Any CPU.Build.0 = Debug|Any CPU
		{0ED675BD-1ECE-4945-A78E-B549B9D1E630}.Release|Any CPU.ActiveCfg = Release|Any CPU
		{0ED675BD-1ECE-4945-A78E-B549B9D1E630}.Release|Any CPU.Build.0 = Release|Any CPU
	EndGlobalSection
	GlobalSection(SolutionProperties) = preSolution
		HideSolutionNode = FALSE
	EndGlobalSection
	GlobalSection(ExtensibilityGlobals) = postSolution
		SolutionGuid = {D7EEE361-8BA8-418E-9ED8-417591C7B7C9}
	EndGlobalSection
EndGlobal
